
Microsoft Visual Studio Solution File, Format Version 12.00
# Visual Studio Version 17
VisualStudioVersion = 17.14.36109.1
MinimumVisualStudioVersion = 10.0.40219.1
Project("{FAE04EC0-301F-11D3-BF4B-00C04F79EFBC}") = "AgeComparison", "AgeComparison\AgeComparison.csproj", "{6C12F127-5029-42FF-8047-E3BBDADA54B7}"
EndProject
Project("{FAE04EC0-301F-11D3-BF4B-00C04F79EFBC}") = "AreaCalculator", "AreaCalculator\AreaCalculator.csproj", "{E5022CF7-B654-46EB-B1F9-07F673C4F1F1}"
EndProject
Global
	GlobalSection(SolutionConfigurationPlatforms) = preSolution
		Debug|Any CPU = Debug|Any CPU
		Release|Any CPU = Release|Any CPU
	EndGlobalSection
	GlobalSection(ProjectConfigurationPlatforms) = postSolution
		{6C12F127-5029-42FF-8047-E3BBDADA54B7}.Debug|Any CPU.ActiveCfg = Debug|Any CPU
		{6C12F127-5029-42FF-8047-E3BBDADA54B7}.Debug|Any CPU.Build.0 = Debug|Any CPU
		{6C12F127-5029-42FF-8047-E3BBDADA54B7}.Release|Any CPU.ActiveCfg = Release|Any CPU
		{6C12F127-5029-42FF-8047-E3BBDADA54B7}.Release|Any CPU.Build.0 = Release|Any CPU
		{E5022CF7-B654-46EB-B1F9-07F673C4F1F1}.Debug|Any CPU.ActiveCfg = Debug|Any CPU
		{E5022CF7-B654-46EB-B1F9-07F673C4F1F1}.Debug|Any CPU.Build.0 = Debug|Any CPU
		{E5022CF7-B654-46EB-B1F9-07F673C4F1F1}.Release|Any CPU.ActiveCfg = Release|Any CPU
		{E5022CF7-B654-46EB-B1F9-07F673C4F1F1}.Release|Any CPU.Build.0 = Release|Any CPU
	EndGlobalSection
	GlobalSection(SolutionProperties) = preSolution
		HideSolutionNode = FALSE
	EndGlobalSection
	GlobalSection(ExtensibilityGlobals) = postSolution
		SolutionGuid = {96A261EA-0E36-4789-B261-DF797D97E446}
	EndGlobalSection
EndGlobal
