
Microsoft Visual Studio Solution File, Format Version 12.00
# Visual Studio Version 17
VisualStudioVersion = 17.14.36109.1
MinimumVisualStudioVersion = 10.0.40219.1
Project("{FAE04EC0-301F-11D3-BF4B-00C04F79EFBC}") = "AgeComparison", "AgeComparison\AgeComparison.csproj", "{6C12F127-5029-42FF-8047-E3BBDADA54B7}"
EndProject
Project("{FAE04EC0-301F-11D3-BF4B-00C04F79EFBC}") = "CalcularArea", "CalcularArea\CalcularArea.csproj", "{123AB43F-4957-4D6C-9BC0-6758CF4FCAF9}"
EndProject
Project("{FAE04EC0-301F-11D3-BF4B-00C04F79EFBC}") = "Aula5", "Aula5\Aula5.csproj", "{7F4AF0A0-F2D9-4386-9F27-28C057CAB208}"
EndProject
Project("{FAE04EC0-301F-11D3-BF4B-00C04F79EFBC}") = "Piramide", "Piramide\Piramide.csproj", "{071AA2B7-3EB5-4D6C-891F-A6F97A713C3E}"
EndProject
Project("{FAE04EC0-301F-11D3-BF4B-00C04F79EFBC}") = "Media", "Media\Media.csproj", "{94915BCA-84A7-456A-91CA-521A1371612C}"
EndProject
Project("{FAE04EC0-301F-11D3-BF4B-00C04F79EFBC}") = "VerificarPrimos", "VerificarPrimos\VerificarPrimos.csproj", "{9FF3598D-7433-42A9-B7B9-44EDC291109B}"
EndProject
Project("{FAE04EC0-301F-11D3-BF4B-00C04F79EFBC}") = "Fatorial", "Fatorial\Fatorial.csproj", "{10D8F8D0-CD01-489B-BB76-563D25C87564}"
EndProject
Project("{FAE04EC0-301F-11D3-BF4B-00C04F79EFBC}") = "Calculadora", "Calculadora\Calculadora.csproj", "{FF2ABE1C-B3DC-436F-A4AC-8B06A04F0051}"
EndProject
Global
	GlobalSection(SolutionConfigurationPlatforms) = preSolution
		Debug|Any CPU = Debug|Any CPU
		Release|Any CPU = Release|Any CPU
	EndGlobalSection
	GlobalSection(ProjectConfigurationPlatforms) = postSolution
		{6C12F127-5029-42FF-8047-E3BBDADA54B7}.Debug|Any CPU.ActiveCfg = Debug|Any CPU
		{6C12F127-5029-42FF-8047-E3BBDADA54B7}.Debug|Any CPU.Build.0 = Debug|Any CPU
		{6C12F127-5029-42FF-8047-E3BBDADA54B7}.Release|Any CPU.ActiveCfg = Release|Any CPU
		{6C12F127-5029-42FF-8047-E3BBDADA54B7}.Release|Any CPU.Build.0 = Release|Any CPU
		{123AB43F-4957-4D6C-9BC0-6758CF4FCAF9}.Debug|Any CPU.ActiveCfg = Debug|Any CPU
		{123AB43F-4957-4D6C-9BC0-6758CF4FCAF9}.Debug|Any CPU.Build.0 = Debug|Any CPU
		{123AB43F-4957-4D6C-9BC0-6758CF4FCAF9}.Release|Any CPU.ActiveCfg = Release|Any CPU
		{123AB43F-4957-4D6C-9BC0-6758CF4FCAF9}.Release|Any CPU.Build.0 = Release|Any CPU
		{7F4AF0A0-F2D9-4386-9F27-28C057CAB208}.Debug|Any CPU.ActiveCfg = Debug|Any CPU
		{7F4AF0A0-F2D9-4386-9F27-28C057CAB208}.Debug|Any CPU.Build.0 = Debug|Any CPU
		{7F4AF0A0-F2D9-4386-9F27-28C057CAB208}.Release|Any CPU.ActiveCfg = Release|Any CPU
		{7F4AF0A0-F2D9-4386-9F27-28C057CAB208}.Release|Any CPU.Build.0 = Release|Any CPU
		{071AA2B7-3EB5-4D6C-891F-A6F97A713C3E}.Debug|Any CPU.ActiveCfg = Debug|Any CPU
		{071AA2B7-3EB5-4D6C-891F-A6F97A713C3E}.Debug|Any CPU.Build.0 = Debug|Any CPU
		{071AA2B7-3EB5-4D6C-891F-A6F97A713C3E}.Release|Any CPU.ActiveCfg = Release|Any CPU
		{071AA2B7-3EB5-4D6C-891F-A6F97A713C3E}.Release|Any CPU.Build.0 = Release|Any CPU
		{94915BCA-84A7-456A-91CA-521A1371612C}.Debug|Any CPU.ActiveCfg = Debug|Any CPU
		{94915BCA-84A7-456A-91CA-521A1371612C}.Debug|Any CPU.Build.0 = Debug|Any CPU
		{94915BCA-84A7-456A-91CA-521A1371612C}.Release|Any CPU.ActiveCfg = Release|Any CPU
		{94915BCA-84A7-456A-91CA-521A1371612C}.Release|Any CPU.Build.0 = Release|Any CPU
		{9FF3598D-7433-42A9-B7B9-44EDC291109B}.Debug|Any CPU.ActiveCfg = Debug|Any CPU
		{9FF3598D-7433-42A9-B7B9-44EDC291109B}.Debug|Any CPU.Build.0 = Debug|Any CPU
		{9FF3598D-7433-42A9-B7B9-44EDC291109B}.Release|Any CPU.ActiveCfg = Release|Any CPU
		{9FF3598D-7433-42A9-B7B9-44EDC291109B}.Release|Any CPU.Build.0 = Release|Any CPU
		{10D8F8D0-CD01-489B-BB76-563D25C87564}.Debug|Any CPU.ActiveCfg = Debug|Any CPU
		{10D8F8D0-CD01-489B-BB76-563D25C87564}.Debug|Any CPU.Build.0 = Debug|Any CPU
		{10D8F8D0-CD01-489B-BB76-563D25C87564}.Release|Any CPU.ActiveCfg = Release|Any CPU
		{10D8F8D0-CD01-489B-BB76-563D25C87564}.Release|Any CPU.Build.0 = Release|Any CPU
		{FF2ABE1C-B3DC-436F-A4AC-8B06A04F0051}.Debug|Any CPU.ActiveCfg = Debug|Any CPU
		{FF2ABE1C-B3DC-436F-A4AC-8B06A04F0051}.Debug|Any CPU.Build.0 = Debug|Any CPU
		{FF2ABE1C-B3DC-436F-A4AC-8B06A04F0051}.Release|Any CPU.ActiveCfg = Release|Any CPU
		{FF2ABE1C-B3DC-436F-A4AC-8B06A04F0051}.Release|Any CPU.Build.0 = Release|Any CPU
	EndGlobalSection
	GlobalSection(SolutionProperties) = preSolution
		HideSolutionNode = FALSE
	EndGlobalSection
	GlobalSection(ExtensibilityGlobals) = postSolution
		SolutionGuid = {96A261EA-0E36-4789-B261-DF797D97E446}
	EndGlobalSection
EndGlobal
